---
 - name: implementation of block and installing packages
   hosts: 192.168.119.138
   become: yes
   vars:
           web: httpd
           fire: firewalld

   tasks:
           - name: implementing block
             block:
                     - name: trying to install httpd
                       ansible.builtin.dnf:
                               name: "{{web}}"
                               state: latest

             rescue:
                     - name: installing firewalld
                       ansible.builtin.dnf:
                                name: "{{fire}}"
                                state: latest

             always:
                     - name: enabiling firewalld
                       ansible.builtin.service:
                                name: "{{fire}}"
                                state: started
